{
  "name": "CODE_WEB",
  "version": "1.0.0",
  "lockfileVersion": 1,
  "requires": true,
  "dependencies": {
    "@tootallnate/once": {
      "version": "1.1.2",
      "resolved": "https://registry.npmmirror.com/@tootallnate/once/download/@tootallnate/once-1.1.2.tgz?cache=0&sync_timestamp=1632734160633&other_urls=https%3A%2F%2Fregistry.npmmirror.com%2F%40tootallnate%2Fonce%2Fdownload%2F%40tootallnate%2Fonce-1.1.2.tgz",
      "integrity": "sha1-zLkURTYBeaBOf+av94wA/8Hur4I="
    },
    "abab": {
      "version": "2.0.5",
      "resolved": "https://registry.nlark.com/abab/download/abab-2.0.5.tgz",
      "integrity": "sha1-wLZ4+zLWD8EhnHhNaoJv44Wut5o="
    },
    "acorn": {
      "version": "8.5.0",
      "resolved": "https://registry.nlark.com/acorn/download/acorn-8.5.0.tgz",
      "integrity": "sha1-RRLMuZs2mMdSWR6btEcuOK1DzuI="
    },
    "acorn-globals": {
      "version": "6.0.0",
      "resolved": "https://registry.nlark.com/acorn-globals/download/acorn-globals-6.0.0.tgz",
      "integrity": "sha1-Rs3Tnw+P8IqHZhm1X1rIptx3C0U=",
      "requires": {
        "acorn": "^7.1.1",
        "acorn-walk": "^7.1.1"
      },
      "dependencies": {
        "acorn": {
          "version": "7.4.1",
          "resolved": "https://registry.nlark.com/acorn/download/acorn-7.4.1.tgz",
          "integrity": "sha1-/q7SVZc9LndVW4PbwIhRpsY1IPo="
        }
      }
    },
    "acorn-walk": {
      "version": "7.2.0",
      "resolved": "https://registry.nlark.com/acorn-walk/download/acorn-walk-7.2.0.tgz?cache=0&other_urls=https%3A%2F%2Fregistry.nlark.com%2Facorn-walk%2Fdownload%2Facorn-walk-7.2.0.tgz",
      "integrity": "sha1-DeiJpgEgOQmw++B7iTjcIdLpZ7w="
    },
    "agent-base": {
      "version": "6.0.2",
      "resolved": "https://registry.nlark.com/agent-base/download/agent-base-6.0.2.tgz",
      "integrity": "sha1-Sf/1hXfP7j83F2/qtMIuAPhtf3c=",
      "requires": {
        "debug": "4"
      }
    },
    "asynckit": {
      "version": "0.4.0",
      "resolved": "https://registry.nlark.com/asynckit/download/asynckit-0.4.0.tgz",
      "integrity": "sha1-x57Zf380y48robyXkLzDZkdLS3k="
    },
    "browser-process-hrtime": {
      "version": "1.0.0",
      "resolved": "https://registry.nlark.com/browser-process-hrtime/download/browser-process-hrtime-1.0.0.tgz",
      "integrity": "sha1-PJtLfXgsgSHlbxAQbYTA0P/JRiY="
    },
    "combined-stream": {
      "version": "1.0.8",
      "resolved": "https://registry.nlark.com/combined-stream/download/combined-stream-1.0.8.tgz",
      "integrity": "sha1-w9RaizT9cwYxoRCoolIGgrMdWn8=",
      "requires": {
        "delayed-stream": "~1.0.0"
      }
    },
    "cssom": {
      "version": "0.5.0",
      "resolved": "https://registry.nlark.com/cssom/download/cssom-0.5.0.tgz",
      "integrity": "sha1-0lT6ks2Lb72DgRufuu00ZjzBfDY="
    },
    "cssstyle": {
      "version": "2.3.0",
      "resolved": "https://registry.nlark.com/cssstyle/download/cssstyle-2.3.0.tgz?cache=0&sync_timestamp=1624607997771&other_urls=https%3A%2F%2Fregistry.nlark.com%2Fcssstyle%2Fdownload%2Fcssstyle-2.3.0.tgz",
      "integrity": "sha1-/2ZaDdvcMYZLCWR/NBY0Q9kLCFI=",
      "requires": {
        "cssom": "~0.3.6"
      },
      "dependencies": {
        "cssom": {
          "version": "0.3.8",
          "resolved": "https://registry.nlark.com/cssom/download/cssom-0.3.8.tgz",
          "integrity": "sha1-nxJ29bK0Y/IRTT8sdSUK+MGjb0o="
        }
      }
    },
    "data-urls": {
      "version": "3.0.0",
      "resolved": "https://registry.nlark.com/data-urls/download/data-urls-3.0.0.tgz?cache=0&sync_timestamp=1626722283326&other_urls=https%3A%2F%2Fregistry.nlark.com%2Fdata-urls%2Fdownload%2Fdata-urls-3.0.0.tgz",
      "integrity": "sha1-P/VRyYbXxiNKCsS78gomnhzWs3g=",
      "requires": {
        "abab": "^2.0.3",
        "whatwg-mimetype": "^2.3.0",
        "whatwg-url": "^9.0.0"
      }
    },
    "debug": {
      "version": "4.3.2",
      "resolved": "https://registry.nlark.com/debug/download/debug-4.3.2.tgz?cache=0&sync_timestamp=1625374653719&other_urls=https%3A%2F%2Fregistry.nlark.com%2Fdebug%2Fdownload%2Fdebug-4.3.2.tgz",
      "integrity": "sha1-8KScGKyHeeMdSgxgKd+3aHPHQos=",
      "requires": {
        "ms": "2.1.2"
      }
    },
    "decimal.js": {
      "version": "10.3.1",
      "resolved": "https://registry.nlark.com/decimal.js/download/decimal.js-10.3.1.tgz",
      "integrity": "sha1-2MOkRKnGd0umDKatcmHDqU/V54M="
    },
    "deep-is": {
      "version": "0.1.4",
      "resolved": "https://registry.nlark.com/deep-is/download/deep-is-0.1.4.tgz?cache=0&other_urls=https%3A%2F%2Fregistry.nlark.com%2Fdeep-is%2Fdownload%2Fdeep-is-0.1.4.tgz",
      "integrity": "sha1-pvLc5hL63S7x9Rm3NVHxfoUZmDE="
    },
    "delayed-stream": {
      "version": "1.0.0",
      "resolved": "https://registry.nlark.com/delayed-stream/download/delayed-stream-1.0.0.tgz",
      "integrity": "sha1-3zrhmayt+31ECqrgsp4icrJOxhk="
    },
    "domexception": {
      "version": "2.0.1",
      "resolved": "https://registry.npmmirror.com/domexception/download/domexception-2.0.1.tgz?cache=0&sync_timestamp=1633301520447&other_urls=https%3A%2F%2Fregistry.npmmirror.com%2Fdomexception%2Fdownload%2Fdomexception-2.0.1.tgz",
      "integrity": "sha1-+0Su+6eT4VdLCvau0oAdBXUp8wQ=",
      "requires": {
        "webidl-conversions": "^5.0.0"
      },
      "dependencies": {
        "webidl-conversions": {
          "version": "5.0.0",
          "resolved": "https://registry.nlark.com/webidl-conversions/download/webidl-conversions-5.0.0.tgz",
          "integrity": "sha1-rlnIoAsSFUOirMZcBDT1ew/BGv8="
        }
      }
    },
    "escodegen": {
      "version": "2.0.0",
      "resolved": "https://registry.nlark.com/escodegen/download/escodegen-2.0.0.tgz",
      "integrity": "sha1-XjKxKDPoqo+jXhvwvvqJOASEx90=",
      "requires": {
        "esprima": "^4.0.1",
        "estraverse": "^5.2.0",
        "esutils": "^2.0.2",
        "optionator": "^0.8.1",
        "source-map": "~0.6.1"
      }
    },
    "esprima": {
      "version": "4.0.1",
      "resolved": "https://registry.nlark.com/esprima/download/esprima-4.0.1.tgz",
      "integrity": "sha1-E7BM2z5sXRnfkatph6hpVhmwqnE="
    },
    "estraverse": {
      "version": "5.2.0",
      "resolved": "https://registry.nlark.com/estraverse/download/estraverse-5.2.0.tgz?cache=0&sync_timestamp=1624607974054&other_urls=https%3A%2F%2Fregistry.nlark.com%2Festraverse%2Fdownload%2Festraverse-5.2.0.tgz",
      "integrity": "sha1-MH30JUfmzHMk088DwVXVzbjFOIA="
    },
    "esutils": {
      "version": "2.0.3",
      "resolved": "https://registry.nlark.com/esutils/download/esutils-2.0.3.tgz",
      "integrity": "sha1-dNLrTeC42hKTcRkQ1Qd1ubcQ72Q="
    },
    "fast-levenshtein": {
      "version": "2.0.6",
      "resolved": "https://registry.nlark.com/fast-levenshtein/download/fast-levenshtein-2.0.6.tgz",
      "integrity": "sha1-PYpcZog6FqMMqGQ+hR8Zuqd5eRc="
    },
    "form-data": {
      "version": "4.0.0",
      "resolved": "https://registry.nlark.com/form-data/download/form-data-4.0.0.tgz",
      "integrity": "sha1-k5Gdrq82HuUpWEubMWZNwSyfpFI=",
      "requires": {
        "asynckit": "^0.4.0",
        "combined-stream": "^1.0.8",
        "mime-types": "^2.1.12"
      }
    },
    "html-encoding-sniffer": {
      "version": "2.0.1",
      "resolved": "https://registry.nlark.com/html-encoding-sniffer/download/html-encoding-sniffer-2.0.1.tgz",
      "integrity": "sha1-QqbcT9M/ACgRduiyN1nKTk+hhfM=",
      "requires": {
        "whatwg-encoding": "^1.0.5"
      }
    },
    "http-proxy-agent": {
      "version": "4.0.1",
      "resolved": "https://registry.npmmirror.com/http-proxy-agent/download/http-proxy-agent-4.0.1.tgz",
      "integrity": "sha1-ioyO9/WTLM+VPClsqCkblap0qjo=",
      "requires": {
        "@tootallnate/once": "1",
        "agent-base": "6",
        "debug": "4"
      }
    },
    "https-proxy-agent": {
      "version": "5.0.0",
      "resolved": "https://registry.nlark.com/https-proxy-agent/download/https-proxy-agent-5.0.0.tgz",
      "integrity": "sha1-4qkFQqu2inYuCghQ9sntrf2FBrI=",
      "requires": {
        "agent-base": "6",
        "debug": "4"
      }
    },
    "iconv-lite": {
      "version": "0.4.24",
      "resolved": "https://registry.nlark.com/iconv-lite/download/iconv-lite-0.4.24.tgz",
      "integrity": "sha1-ICK0sl+93CHS9SSXSkdKr+czkIs=",
      "requires": {
        "safer-buffer": ">= 2.1.2 < 3"
      }
    },
    "is-potential-custom-element-name": {
      "version": "1.0.1",
      "resolved": "https://registry.nlark.com/is-potential-custom-element-name/download/is-potential-custom-element-name-1.0.1.tgz",
      "integrity": "sha1-Fx7W8Z46xVQ5Tt94yqBXhKRb67U="
    },
    "jquery": {
      "version": "3.6.0",
      "resolved": "https://registry.nlark.com/jquery/download/jquery-3.6.0.tgz",
      "integrity": "sha1-xyoJ8Vwb3OFC9J2/EXC9+K2sJHA="
    },
    "jsdom": {
      "version": "17.0.0",
      "resolved": "https://registry.nlark.com/jsdom/download/jsdom-17.0.0.tgz",
      "integrity": "sha1-PsgtHTADBknI3v7cRf/2qj5dBq4=",
      "requires": {
        "abab": "^2.0.5",
        "acorn": "^8.4.1",
        "acorn-globals": "^6.0.0",
        "cssom": "^0.5.0",
        "cssstyle": "^2.3.0",
        "data-urls": "^3.0.0",
        "decimal.js": "^10.3.1",
        "domexception": "^2.0.1",
        "escodegen": "^2.0.0",
        "form-data": "^4.0.0",
        "html-encoding-sniffer": "^2.0.1",
        "http-proxy-agent": "^4.0.1",
        "https-proxy-agent": "^5.0.0",
        "is-potential-custom-element-name": "^1.0.1",
        "nwsapi": "^2.2.0",
        "parse5": "6.0.1",
        "saxes": "^5.0.1",
        "symbol-tree": "^3.2.4",
        "tough-cookie": "^4.0.0",
        "w3c-hr-time": "^1.0.2",
        "w3c-xmlserializer": "^2.0.0",
        "webidl-conversions": "^6.1.0",
        "whatwg-encoding": "^1.0.5",
        "whatwg-mimetype": "^2.3.0",
        "whatwg-url": "^9.0.0",
        "ws": "^8.0.0",
        "xml-name-validator": "^3.0.0"
      }
    },
    "levn": {
      "version": "0.3.0",
      "resolved": "https://registry.nlark.com/levn/download/levn-0.3.0.tgz",
      "integrity": "sha1-OwmSTt+fCDwEkP3UwLxEIeBHZO4=",
      "requires": {
        "prelude-ls": "~1.1.2",
        "type-check": "~0.3.2"
      }
    },
    "mime-db": {
      "version": "1.50.0",
      "resolved": "https://registry.nlark.com/mime-db/download/mime-db-1.50.0.tgz",
      "integrity": "sha1-q9SslOmNPA4YUBbGerRdX95AwR8="
    },
    "mime-types": {
      "version": "2.1.33",
      "resolved": "https://registry.npmmirror.com/mime-types/download/mime-types-2.1.33.tgz?cache=0&sync_timestamp=1633108258894&other_urls=https%3A%2F%2Fregistry.npmmirror.com%2Fmime-types%2Fdownload%2Fmime-types-2.1.33.tgz",
      "integrity": "sha1-H6EqkERy+v0GjkjZ6EAfdNP3Dts=",
      "requires": {
        "mime-db": "1.50.0"
      }
    },
    "ms": {
      "version": "2.1.2",
      "resolved": "https://registry.npmmirror.com/ms/download/ms-2.1.2.tgz",
      "integrity": "sha1-0J0fNXtEP0kzgqjrPM0YOHKuYAk="
    },
    "nwsapi": {
      "version": "2.2.0",
      "resolved": "https://registry.nlark.com/nwsapi/download/nwsapi-2.2.0.tgz",
      "integrity": "sha1-IEh5qePQaP8qVROcLHcngGgaOLc="
    },
    "optionator": {
      "version": "0.8.3",
      "resolved": "https://registry.nlark.com/optionator/download/optionator-0.8.3.tgz",
      "integrity": "sha1-hPodA2/p08fiHZmIS2ARZ+yPtJU=",
      "requires": {
        "deep-is": "~0.1.3",
        "fast-levenshtein": "~2.0.6",
        "levn": "~0.3.0",
        "prelude-ls": "~1.1.2",
        "type-check": "~0.3.2",
        "word-wrap": "~1.2.3"
      }
    },
    "parse5": {
      "version": "6.0.1",
      "resolved": "https://registry.nlark.com/parse5/download/parse5-6.0.1.tgz",
      "integrity": "sha1-4aHAhcVps9wIMhGE8Zo5zCf3wws="
    },
    "prelude-ls": {
      "version": "1.1.2",
      "resolved": "https://registry.nlark.com/prelude-ls/download/prelude-ls-1.1.2.tgz",
      "integrity": "sha1-IZMqVJ9eUv/ZqCf1cOBL5iqX2lQ="
    },
    "psl": {
      "version": "1.8.0",
      "resolved": "https://registry.nlark.com/psl/download/psl-1.8.0.tgz",
      "integrity": "sha1-kyb4vPsBOtzABf3/BWrM4CDlHCQ="
    },
    "punycode": {
      "version": "2.1.1",
      "resolved": "https://registry.nlark.com/punycode/download/punycode-2.1.1.tgz",
      "integrity": "sha1-tYsBCsQMIsVldhbI0sLALHv0eew="
    },
    "safer-buffer": {
      "version": "2.1.2",
      "resolved": "https://registry.nlark.com/safer-buffer/download/safer-buffer-2.1.2.tgz",
      "integrity": "sha1-RPoWGwGHuVSd2Eu5GAL5vYOFzWo="
    },
    "saxes": {
      "version": "5.0.1",
      "resolved": "https://registry.nlark.com/saxes/download/saxes-5.0.1.tgz",
      "integrity": "sha1-7rq5U/o7dgjb6U5drbFciI+maW0=",
      "requires": {
        "xmlchars": "^2.2.0"
      }
    },
    "source-map": {
      "version": "0.6.1",
      "resolved": "https://registry.nlark.com/source-map/download/source-map-0.6.1.tgz?cache=0&sync_timestamp=1624608014898&other_urls=https%3A%2F%2Fregistry.nlark.com%2Fsource-map%2Fdownload%2Fsource-map-0.6.1.tgz",
      "integrity": "sha1-dHIq8y6WFOnCh6jQu95IteLxomM=",
      "optional": true
    },
    "symbol-tree": {
      "version": "3.2.4",
      "resolved": "https://registry.nlark.com/symbol-tree/download/symbol-tree-3.2.4.tgz",
      "integrity": "sha1-QwY30ki6d+B4iDlR+5qg7tfGP6I="
    },
    "tough-cookie": {
      "version": "4.0.0",
      "resolved": "https://registry.nlark.com/tough-cookie/download/tough-cookie-4.0.0.tgz",
      "integrity": "sha1-2CIjTuyogvmR8PkIgkrSYi3b7OQ=",
      "requires": {
        "psl": "^1.1.33",
        "punycode": "^2.1.1",
        "universalify": "^0.1.2"
      }
    },
    "tr46": {
      "version": "2.1.0",
      "resolved": "https://registry.npmmirror.com/tr46/download/tr46-2.1.0.tgz",
      "integrity": "sha1-+oeqgcpdWUHajL8fm3SdyWmk4kA=",
      "requires": {
        "punycode": "^2.1.1"
      }
    },
    "type-check": {
      "version": "0.3.2",
      "resolved": "https://registry.nlark.com/type-check/download/type-check-0.3.2.tgz",
      "integrity": "sha1-WITKtRLPHTVeP7eE8wgEsrUg23I=",
      "requires": {
        "prelude-ls": "~1.1.2"
      }
    },
    "universalify": {
      "version": "0.1.2",
      "resolved": "https://registry.nlark.com/universalify/download/universalify-0.1.2.tgz",
      "integrity": "sha1-tkb2m+OULavOzJ1mOcgNwQXvqmY="
    },
    "w3c-hr-time": {
      "version": "1.0.2",
      "resolved": "https://registry.nlark.com/w3c-hr-time/download/w3c-hr-time-1.0.2.tgz",
      "integrity": "sha1-ConN9cwVgi35w2BUNnaWPgzDCM0=",
      "requires": {
        "browser-process-hrtime": "^1.0.0"
      }
    },
    "w3c-xmlserializer": {
      "version": "2.0.0",
      "resolved": "https://registry.nlark.com/w3c-xmlserializer/download/w3c-xmlserializer-2.0.0.tgz",
      "integrity": "sha1-PnEEoFt1FGzGD1ZDgLf2g6zxAgo=",
      "requires": {
        "xml-name-validator": "^3.0.0"
      }
    },
    "webidl-conversions": {
      "version": "6.1.0",
      "resolved": "https://registry.nlark.com/webidl-conversions/download/webidl-conversions-6.1.0.tgz",
      "integrity": "sha1-kRG01+qArNQPUnDWZmIa+ni2lRQ="
    },
    "whatwg-encoding": {
      "version": "1.0.5",
      "resolved": "https://registry.nlark.com/whatwg-encoding/download/whatwg-encoding-1.0.5.tgz?cache=0&sync_timestamp=1631480006997&other_urls=https%3A%2F%2Fregistry.nlark.com%2Fwhatwg-encoding%2Fdownload%2Fwhatwg-encoding-1.0.5.tgz",
      "integrity": "sha1-WrrPd3wyFmpR0IXWtPPn0nET3bA=",
      "requires": {
        "iconv-lite": "0.4.24"
      }
    },
    "whatwg-mimetype": {
      "version": "2.3.0",
      "resolved": "https://registry.nlark.com/whatwg-mimetype/download/whatwg-mimetype-2.3.0.tgz?cache=0&sync_timestamp=1631993408310&other_urls=https%3A%2F%2Fregistry.nlark.com%2Fwhatwg-mimetype%2Fdownload%2Fwhatwg-mimetype-2.3.0.tgz",
      "integrity": "sha1-PUseAxLSB5h5+Cav8Y2+7KWWD78="
    },
    "whatwg-url": {
      "version": "9.1.0",
      "resolved": "https://registry.nlark.com/whatwg-url/download/whatwg-url-9.1.0.tgz",
      "integrity": "sha1-GxEs8jfXLNZPp4grnD9iNKHDBQ0=",
      "requires": {
        "tr46": "^2.1.0",
        "webidl-conversions": "^6.1.0"
      }
    },
    "word-wrap": {
      "version": "1.2.3",
      "resolved": "https://registry.nlark.com/word-wrap/download/word-wrap-1.2.3.tgz",
      "integrity": "sha1-YQY29rH3A4kb00dxzLF/uTtHB5w="
    },
    "ws": {
      "version": "8.2.3",
      "resolved": "https://registry.npmmirror.com/ws/download/ws-8.2.3.tgz?cache=0&sync_timestamp=1633200058938&other_urls=https%3A%2F%2Fregistry.npmmirror.com%2Fws%2Fdownload%2Fws-8.2.3.tgz",
      "integrity": "sha1-Y6VkVtsbBDZ9C3IaC4DK5ti+y7o="
    },
    "xml-name-validator": {
      "version": "3.0.0",
      "resolved": "https://registry.nlark.com/xml-name-validator/download/xml-name-validator-3.0.0.tgz",
      "integrity": "sha1-auc+Bt5NjG5H+fsYH3jWSK1FfGo="
    },
    "xmlchars": {
      "version": "2.2.0",
      "resolved": "https://registry.nlark.com/xmlchars/download/xmlchars-2.2.0.tgz",
      "integrity": "sha1-Bg/hvLf5x2/ioX24apvDq4lCEMs="
    }
  }
}
